
Microsoft Visual Studio Solution File, Format Version 12.00
# Visual Studio Version 17
VisualStudioVersion = 17.0.31903.59
MinimumVisualStudioVersion = 10.0.40219.1
Project("{2150E333-8FDC-42A3-9474-1A3956D46DE8}") = "Domain", "Domain", "{A049AB87-7EF3-40E8-AE20-27AFB4F3AF0C}"
EndProject
Project("{2150E333-8FDC-42A3-9474-1A3956D46DE8}") = "Infra.Bus", "Infra.Bus", "{E049AE3A-460D-4611-A30D-0C6FDDBF6093}"
EndProject
Project("{2150E333-8FDC-42A3-9474-1A3956D46DE8}") = "Infra.IoC", "Infra.IoC", "{63BE8A47-4CEB-48E7-9578-1C7E7B0EB141}"
EndProject
Project("{2150E333-8FDC-42A3-9474-1A3956D46DE8}") = "MicroServices", "MicroServices", "{97E66113-5737-4E2C-BBBB-705774977893}"
EndProject
Project("{FAE04EC0-301F-11D3-BF4B-00C04F79EFBC}") = "MicroRabbit.Domain.Core", "Domain\MicroRabbit.Domain.Core\MicroRabbit.Domain.Core.csproj", "{3759DB2E-9F14-4929-A3D4-88DBA2059474}"
EndProject
Project("{FAE04EC0-301F-11D3-BF4B-00C04F79EFBC}") = "MicroRabbit.Infra.Bus", "Infra.Bus\MicroRabbit.Infra.Bus\MicroRabbit.Infra.Bus.csproj", "{C722FE03-FE28-40DA-AA3F-09BE9FFA56B8}"
EndProject
Project("{FAE04EC0-301F-11D3-BF4B-00C04F79EFBC}") = "MicroRabbit.Infra.IoC", "MicroRabbit.Infra.IoC\MicroRabbit.Infra.IoC.csproj", "{7EB3EB0F-15F1-474D-ACC6-7803F4193751}"
EndProject
Project("{2150E333-8FDC-42A3-9474-1A3956D46DE8}") = "Banking", "Banking", "{5F354199-6CAD-43DE-AFD8-65CE9E1E184A}"
EndProject
Project("{2150E333-8FDC-42A3-9474-1A3956D46DE8}") = "Api", "Api", "{7EE39F12-67B2-4C1F-9DE1-0C0AEC2A368D}"
EndProject
Project("{2150E333-8FDC-42A3-9474-1A3956D46DE8}") = "Application", "Application", "{4FB5F245-D616-491D-9755-9003A4D6385E}"
EndProject
Project("{2150E333-8FDC-42A3-9474-1A3956D46DE8}") = "Data", "Data", "{A6FAF92D-28A9-45F3-B4E3-AC5BF2BD8EFE}"
EndProject
Project("{2150E333-8FDC-42A3-9474-1A3956D46DE8}") = "Domain", "Domain", "{5785F433-CA2B-48D7-B339-8E53113D1C62}"
EndProject
Project("{FAE04EC0-301F-11D3-BF4B-00C04F79EFBC}") = "MicroRabbit.Banking.Api", "MicroRabbit.Banking.Api\MicroRabbit.Banking.Api.csproj", "{C08EE1ED-28BB-4006-AB82-8AE192054370}"
EndProject
Project("{FAE04EC0-301F-11D3-BF4B-00C04F79EFBC}") = "MicroRabbit.Banking.Application", "MicroRabbit.Banking.Application\MicroRabbit.Banking.Application.csproj", "{27614ABC-2A88-432F-9F59-A0F6692B5B70}"
EndProject
Project("{FAE04EC0-301F-11D3-BF4B-00C04F79EFBC}") = "MicroRabbit.Banking.Data", "MicroRabbit.Banking.Data\MicroRabbit.Banking.Data.csproj", "{C86E3B57-9C7D-4C52-98FB-0C0334063C7A}"
EndProject
Project("{FAE04EC0-301F-11D3-BF4B-00C04F79EFBC}") = "MicroRabbit.Banking.Domain", "MicroRabbit.Banking.Domain\MicroRabbit.Banking.Domain.csproj", "{BF86F10A-85FD-4367-9733-F914DA2B2814}"
EndProject
Global
	GlobalSection(SolutionConfigurationPlatforms) = preSolution
		Debug|Any CPU = Debug|Any CPU
		Release|Any CPU = Release|Any CPU
	EndGlobalSection
	GlobalSection(ProjectConfigurationPlatforms) = postSolution
		{3759DB2E-9F14-4929-A3D4-88DBA2059474}.Debug|Any CPU.ActiveCfg = Debug|Any CPU
		{3759DB2E-9F14-4929-A3D4-88DBA2059474}.Debug|Any CPU.Build.0 = Debug|Any CPU
		{3759DB2E-9F14-4929-A3D4-88DBA2059474}.Release|Any CPU.ActiveCfg = Release|Any CPU
		{3759DB2E-9F14-4929-A3D4-88DBA2059474}.Release|Any CPU.Build.0 = Release|Any CPU
		{C722FE03-FE28-40DA-AA3F-09BE9FFA56B8}.Debug|Any CPU.ActiveCfg = Debug|Any CPU
		{C722FE03-FE28-40DA-AA3F-09BE9FFA56B8}.Debug|Any CPU.Build.0 = Debug|Any CPU
		{C722FE03-FE28-40DA-AA3F-09BE9FFA56B8}.Release|Any CPU.ActiveCfg = Release|Any CPU
		{C722FE03-FE28-40DA-AA3F-09BE9FFA56B8}.Release|Any CPU.Build.0 = Release|Any CPU
		{7EB3EB0F-15F1-474D-ACC6-7803F4193751}.Debug|Any CPU.ActiveCfg = Debug|Any CPU
		{7EB3EB0F-15F1-474D-ACC6-7803F4193751}.Debug|Any CPU.Build.0 = Debug|Any CPU
		{7EB3EB0F-15F1-474D-ACC6-7803F4193751}.Release|Any CPU.ActiveCfg = Release|Any CPU
		{7EB3EB0F-15F1-474D-ACC6-7803F4193751}.Release|Any CPU.Build.0 = Release|Any CPU
		{C08EE1ED-28BB-4006-AB82-8AE192054370}.Debug|Any CPU.ActiveCfg = Debug|Any CPU
		{C08EE1ED-28BB-4006-AB82-8AE192054370}.Debug|Any CPU.Build.0 = Debug|Any CPU
		{C08EE1ED-28BB-4006-AB82-8AE192054370}.Release|Any CPU.ActiveCfg = Release|Any CPU
		{C08EE1ED-28BB-4006-AB82-8AE192054370}.Release|Any CPU.Build.0 = Release|Any CPU
		{27614ABC-2A88-432F-9F59-A0F6692B5B70}.Debug|Any CPU.ActiveCfg = Debug|Any CPU
		{27614ABC-2A88-432F-9F59-A0F6692B5B70}.Debug|Any CPU.Build.0 = Debug|Any CPU
		{27614ABC-2A88-432F-9F59-A0F6692B5B70}.Release|Any CPU.ActiveCfg = Release|Any CPU
		{27614ABC-2A88-432F-9F59-A0F6692B5B70}.Release|Any CPU.Build.0 = Release|Any CPU
		{C86E3B57-9C7D-4C52-98FB-0C0334063C7A}.Debug|Any CPU.ActiveCfg = Debug|Any CPU
		{C86E3B57-9C7D-4C52-98FB-0C0334063C7A}.Debug|Any CPU.Build.0 = Debug|Any CPU
		{C86E3B57-9C7D-4C52-98FB-0C0334063C7A}.Release|Any CPU.ActiveCfg = Release|Any CPU
		{C86E3B57-9C7D-4C52-98FB-0C0334063C7A}.Release|Any CPU.Build.0 = Release|Any CPU
		{BF86F10A-85FD-4367-9733-F914DA2B2814}.Debug|Any CPU.ActiveCfg = Debug|Any CPU
		{BF86F10A-85FD-4367-9733-F914DA2B2814}.Debug|Any CPU.Build.0 = Debug|Any CPU
		{BF86F10A-85FD-4367-9733-F914DA2B2814}.Release|Any CPU.ActiveCfg = Release|Any CPU
		{BF86F10A-85FD-4367-9733-F914DA2B2814}.Release|Any CPU.Build.0 = Release|Any CPU
	EndGlobalSection
	GlobalSection(SolutionProperties) = preSolution
		HideSolutionNode = FALSE
	EndGlobalSection
	GlobalSection(NestedProjects) = preSolution
		{3759DB2E-9F14-4929-A3D4-88DBA2059474} = {A049AB87-7EF3-40E8-AE20-27AFB4F3AF0C}
		{C722FE03-FE28-40DA-AA3F-09BE9FFA56B8} = {E049AE3A-460D-4611-A30D-0C6FDDBF6093}
		{7EB3EB0F-15F1-474D-ACC6-7803F4193751} = {63BE8A47-4CEB-48E7-9578-1C7E7B0EB141}
		{5F354199-6CAD-43DE-AFD8-65CE9E1E184A} = {97E66113-5737-4E2C-BBBB-705774977893}
		{7EE39F12-67B2-4C1F-9DE1-0C0AEC2A368D} = {5F354199-6CAD-43DE-AFD8-65CE9E1E184A}
		{4FB5F245-D616-491D-9755-9003A4D6385E} = {5F354199-6CAD-43DE-AFD8-65CE9E1E184A}
		{A6FAF92D-28A9-45F3-B4E3-AC5BF2BD8EFE} = {5F354199-6CAD-43DE-AFD8-65CE9E1E184A}
		{5785F433-CA2B-48D7-B339-8E53113D1C62} = {5F354199-6CAD-43DE-AFD8-65CE9E1E184A}
		{C08EE1ED-28BB-4006-AB82-8AE192054370} = {7EE39F12-67B2-4C1F-9DE1-0C0AEC2A368D}
		{27614ABC-2A88-432F-9F59-A0F6692B5B70} = {4FB5F245-D616-491D-9755-9003A4D6385E}
		{C86E3B57-9C7D-4C52-98FB-0C0334063C7A} = {A6FAF92D-28A9-45F3-B4E3-AC5BF2BD8EFE}
		{BF86F10A-85FD-4367-9733-F914DA2B2814} = {5785F433-CA2B-48D7-B339-8E53113D1C62}
	EndGlobalSection
EndGlobal
